
Microsoft Visual Studio Solution File, Format Version 12.00
# Visual Studio Version 17
VisualStudioVersion = 17.4.33205.214
MinimumVisualStudioVersion = 10.0.40219.1
Project("{FAE04EC0-301F-11D3-BF4B-00C04F79EFBC}") = "PracticClass", "PracticClass.csproj", "{21D78E24-637D-404A-AE76-647298EDB4F6}"
EndProject
Global
	GlobalSection(SolutionConfigurationPlatforms) = preSolution
		Debug|Any CPU = Debug|Any CPU
		Release|Any CPU = Release|Any CPU
	EndGlobalSection
	GlobalSection(ProjectConfigurationPlatforms) = postSolution
		{21D78E24-637D-404A-AE76-647298EDB4F6}.Debug|Any CPU.ActiveCfg = Debug|Any CPU
		{21D78E24-637D-404A-AE76-647298EDB4F6}.Debug|Any CPU.Build.0 = Debug|Any CPU
		{21D78E24-637D-404A-AE76-647298EDB4F6}.Release|Any CPU.ActiveCfg = Release|Any CPU
		{21D78E24-637D-404A-AE76-647298EDB4F6}.Release|Any CPU.Build.0 = Release|Any CPU
	EndGlobalSection
	GlobalSection(SolutionProperties) = preSolution
		HideSolutionNode = FALSE
	EndGlobalSection
	GlobalSection(ExtensibilityGlobals) = postSolution
		SolutionGuid = {9015A43E-E297-4394-943A-C3AA4B3DD00A}
	EndGlobalSection
EndGlobal
